// !$*UTF8*$!
{
	archiveVersion = 1;
	classes = {
	};
	objectVersion = 77;
	objects = {

/* Begin PBXBuildFile section */
		BC2C643C2ED160C900EC4E0B /* Cocoa.framework in Frameworks */ = {isa = PBXBuildFile; fileRef = BC2C643B2ED160C900EC4E0B /* Cocoa.framework */; };
		BC2C64442ED160C900EC4E0B /* BezierKit XPC Service.pluginkit in Embed PlugIns */ = {isa = PBXBuildFile; fileRef = BC2C64432ED160C900EC4E0B /* BezierKit XPC Service.pluginkit */; settings = {ATTRIBUTES = (CodeSignOnCopy, RemoveHeadersOnCopy, ); }; };
		BC2C64482ED160C900EC4E0B /* Foundation.framework in Frameworks */ = {isa = PBXBuildFile; fileRef = BC2C64472ED160C900EC4E0B /* Foundation.framework */; };
		BC2C644A2ED160C900EC4E0B /* AppKit.framework in Frameworks */ = {isa = PBXBuildFile; fileRef = BC2C64492ED160C900EC4E0B /* AppKit.framework */; };
		BC2C644C2ED160C900EC4E0B /* Accelerate.framework in Frameworks */ = {isa = PBXBuildFile; fileRef = BC2C644B2ED160C900EC4E0B /* Accelerate.framework */; };
		BC2C644E2ED160C900EC4E0B /* PluginManager.framework in Frameworks */ = {isa = PBXBuildFile; fileRef = BC2C644D2ED160C900EC4E0B /* PluginManager.framework */; };
		BC2C64502ED160C900EC4E0B /* FxPlug.framework in Frameworks */ = {isa = PBXBuildFile; fileRef = BC2C644F2ED160C900EC4E0B /* FxPlug.framework */; };
/* End PBXBuildFile section */

/* Begin PBXContainerItemProxy section */
		BC2C64452ED160C900EC4E0B /* PBXContainerItemProxy */ = {
			isa = PBXContainerItemProxy;
			containerPortal = BC2C64302ED160C900EC4E0B /* Project object */;
			proxyType = 1;
			remoteGlobalIDString = BC2C64422ED160C900EC4E0B;
			remoteInfo = "XPC Service";
		};
		BC2C64512ED160C900EC4E0B /* PBXContainerItemProxy */ = {
			isa = PBXContainerItemProxy;
			containerPortal = BC2C64302ED160C900EC4E0B /* Project object */;
			proxyType = 1;
			remoteGlobalIDString = BC2C64422ED160C900EC4E0B;
			remoteInfo = "XPC Service";
		};
/* End PBXContainerItemProxy section */

/* Begin PBXCopyFilesBuildPhase section */
		BC2C647C2ED160C900EC4E0B /* Embed PlugIns */ = {
			isa = PBXCopyFilesBuildPhase;
			buildActionMask = 2147483647;
			dstPath = "";
			dstSubfolderSpec = 13;
			files = (
				BC2C64442ED160C900EC4E0B /* BezierKit XPC Service.pluginkit in Embed PlugIns */,
			);
			name = "Embed PlugIns";
			runOnlyForDeploymentPostprocessing = 0;
		};
/* End PBXCopyFilesBuildPhase section */

/* Begin PBXFileReference section */
		BC2C64382ED160C900EC4E0B /* BezierKit.app */ = {isa = PBXFileReference; explicitFileType = wrapper.application; includeInIndex = 0; path = BezierKit.app; sourceTree = BUILT_PRODUCTS_DIR; };
		BC2C643B2ED160C900EC4E0B /* Cocoa.framework */ = {isa = PBXFileReference; lastKnownFileType = wrapper.framework; name = Cocoa.framework; path = System/Library/Frameworks/Cocoa.framework; sourceTree = SDKROOT; };
		BC2C64432ED160C900EC4E0B /* BezierKit XPC Service.pluginkit */ = {isa = PBXFileReference; explicitFileType = wrapper.cfbundle; includeInIndex = 0; path = "BezierKit XPC Service.pluginkit"; sourceTree = BUILT_PRODUCTS_DIR; };
		BC2C64472ED160C900EC4E0B /* Foundation.framework */ = {isa = PBXFileReference; lastKnownFileType = wrapper.framework; name = Foundation.framework; path = System/Library/Frameworks/Foundation.framework; sourceTree = SDKROOT; };
		BC2C64492ED160C900EC4E0B /* AppKit.framework */ = {isa = PBXFileReference; lastKnownFileType = wrapper.framework; name = AppKit.framework; path = System/Library/Frameworks/AppKit.framework; sourceTree = SDKROOT; };
		BC2C644B2ED160C900EC4E0B /* Accelerate.framework */ = {isa = PBXFileReference; lastKnownFileType = wrapper.framework; name = Accelerate.framework; path = System/Library/Frameworks/Accelerate.framework; sourceTree = SDKROOT; };
		BC2C644D2ED160C900EC4E0B /* PluginManager.framework */ = {isa = PBXFileReference; lastKnownFileType = wrapper.framework; name = PluginManager.framework; path = Library/Frameworks/../../../../../../Library/Developer/Frameworks/PluginManager.framework; sourceTree = DEVELOPER_DIR; };
		BC2C644F2ED160C900EC4E0B /* FxPlug.framework */ = {isa = PBXFileReference; lastKnownFileType = wrapper.framework; name = FxPlug.framework; path = Library/Frameworks/../../../../../../Library/Developer/Frameworks/FxPlug.framework; sourceTree = DEVELOPER_DIR; };
/* End PBXFileReference section */

/* Begin PBXFileSystemSynchronizedBuildFileExceptionSet section */
		BC2C64782ED160C900EC4E0B /* Exceptions for "BezierKit" folder in "Wrapper Application" target */ = {
			isa = PBXFileSystemSynchronizedBuildFileExceptionSet;
			membershipExceptions = (
				"/Localized: Plugin/InfoPlist.strings",
				"/Localized: Plugin/Localizable.strings",
				Plugin/BezierKitPlugIn.m,
				Plugin/Info.plist,
				Plugin/main.m,
				Plugin/MetalDeviceCache.m,
				Plugin/TileableRemoteBrightness.metal,
				"Wrapper Application/Info.plist",
			);
			target = BC2C64372ED160C900EC4E0B /* Wrapper Application */;
		};
		BC2C64802ED160C900EC4E0B /* Exceptions for "BezierKit" folder in "XPC Service" target */ = {
			isa = PBXFileSystemSynchronizedBuildFileExceptionSet;
			membershipExceptions = (
				"/Localized: Wrapper Application/Credits.rtf",
				"/Localized: Wrapper Application/InfoPlist.strings",
				"/Localized: Wrapper Application/MainMenu.xib",
				Plugin/Info.plist,
				"Wrapper Application/AppDelegate.m",
				"Wrapper Application/Info.plist",
				"Wrapper Application/main.m",
			);
			target = BC2C64422ED160C900EC4E0B /* XPC Service */;
		};
/* End PBXFileSystemSynchronizedBuildFileExceptionSet section */

/* Begin PBXFileSystemSynchronizedRootGroup section */
		BC2C64532ED160C900EC4E0B /* BezierKit */ = {
			isa = PBXFileSystemSynchronizedRootGroup;
			exceptions = (
				BC2C64782ED160C900EC4E0B /* Exceptions for "BezierKit" folder in "Wrapper Application" target */,
				BC2C64802ED160C900EC4E0B /* Exceptions for "BezierKit" folder in "XPC Service" target */,
			);
			path = BezierKit;
			sourceTree = "<group>";
		};
/* End PBXFileSystemSynchronizedRootGroup section */

/* Begin PBXFrameworksBuildPhase section */
		BC2C64352ED160C900EC4E0B /* Frameworks */ = {
			isa = PBXFrameworksBuildPhase;
			buildActionMask = 2147483647;
			files = (
				BC2C643C2ED160C900EC4E0B /* Cocoa.framework in Frameworks */,
			);
			runOnlyForDeploymentPostprocessing = 0;
		};
		BC2C643E2ED160C900EC4E0B /* Frameworks */ = {
			isa = PBXFrameworksBuildPhase;
			buildActionMask = 2147483647;
			files = (
				BC2C644C2ED160C900EC4E0B /* Accelerate.framework in Frameworks */,
				BC2C644E2ED160C900EC4E0B /* PluginManager.framework in Frameworks */,
				BC2C64482ED160C900EC4E0B /* Foundation.framework in Frameworks */,
				BC2C644A2ED160C900EC4E0B /* AppKit.framework in Frameworks */,
				BC2C64502ED160C900EC4E0B /* FxPlug.framework in Frameworks */,
			);
			runOnlyForDeploymentPostprocessing = 0;
		};
/* End PBXFrameworksBuildPhase section */

/* Begin PBXGroup section */
		BC2C642F2ED160C900EC4E0B = {
			isa = PBXGroup;
			children = (
				BC2C64532ED160C900EC4E0B /* BezierKit */,
				BC2C643A2ED160C900EC4E0B /* Frameworks */,
				BC2C64392ED160C900EC4E0B /* Products */,
			);
			sourceTree = "<group>";
		};
		BC2C64392ED160C900EC4E0B /* Products */ = {
			isa = PBXGroup;
			children = (
				BC2C64382ED160C900EC4E0B /* BezierKit.app */,
				BC2C64432ED160C900EC4E0B /* BezierKit XPC Service.pluginkit */,
			);
			name = Products;
			sourceTree = "<group>";
		};
		BC2C643A2ED160C900EC4E0B /* Frameworks */ = {
			isa = PBXGroup;
			children = (
				BC2C643B2ED160C900EC4E0B /* Cocoa.framework */,
				BC2C64472ED160C900EC4E0B /* Foundation.framework */,
				BC2C64492ED160C900EC4E0B /* AppKit.framework */,
				BC2C644B2ED160C900EC4E0B /* Accelerate.framework */,
				BC2C644D2ED160C900EC4E0B /* PluginManager.framework */,
				BC2C644F2ED160C900EC4E0B /* FxPlug.framework */,
			);
			name = Frameworks;
			sourceTree = "<group>";
		};
/* End PBXGroup section */

/* Begin PBXNativeTarget section */
		BC2C64372ED160C900EC4E0B /* Wrapper Application */ = {
			isa = PBXNativeTarget;
			buildConfigurationList = BC2C647D2ED160C900EC4E0B /* Build configuration list for PBXNativeTarget "Wrapper Application" */;
			buildPhases = (
				BC2C64342ED160C900EC4E0B /* Sources */,
				BC2C64352ED160C900EC4E0B /* Frameworks */,
				BC2C64362ED160C900EC4E0B /* Resources */,
				BC2C647C2ED160C900EC4E0B /* Embed PlugIns */,
			);
			buildRules = (
			);
			dependencies = (
				BC2C64462ED160C900EC4E0B /* PBXTargetDependency */,
				BC2C64522ED160C900EC4E0B /* PBXTargetDependency */,
			);
			fileSystemSynchronizedGroups = (
				BC2C64532ED160C900EC4E0B /* BezierKit */,
			);
			name = "Wrapper Application";
			packageProductDependencies = (
			);
			productName = "Wrapper Application";
			productReference = BC2C64382ED160C900EC4E0B /* BezierKit.app */;
			productType = "com.apple.product-type.application";
		};
		BC2C64422ED160C900EC4E0B /* XPC Service */ = {
			isa = PBXNativeTarget;
			buildConfigurationList = BC2C64792ED160C900EC4E0B /* Build configuration list for PBXNativeTarget "XPC Service" */;
			buildPhases = (
				BC2C643D2ED160C900EC4E0B /* Sources */,
				BC2C643E2ED160C900EC4E0B /* Frameworks */,
				BC2C643F2ED160C900EC4E0B /* Resources */,
				BC2C64402ED160C900EC4E0B /* Copy and Code Sign FxPlug.framework */,
				BC2C64412ED160C900EC4E0B /* Copy and Code Sign PluginManager.framework */,
			);
			buildRules = (
			);
			dependencies = (
			);
			fileSystemSynchronizedGroups = (
				BC2C64532ED160C900EC4E0B /* BezierKit */,
			);
			name = "XPC Service";
			packageProductDependencies = (
			);
			productName = "XPC Service";
			productReference = BC2C64432ED160C900EC4E0B /* BezierKit XPC Service.pluginkit */;
			productType = "com.apple.product-type.bundle";
		};
/* End PBXNativeTarget section */

/* Begin PBXProject section */
		BC2C64302ED160C900EC4E0B /* Project object */ = {
			isa = PBXProject;
			attributes = {
				BuildIndependentTargetsInParallel = 1;
				LastUpgradeCheck = 2610;
				TargetAttributes = {
					BC2C64372ED160C900EC4E0B = {
						CreatedOnToolsVersion = 26.1.1;
					};
					BC2C64422ED160C900EC4E0B = {
						CreatedOnToolsVersion = 26.1.1;
					};
				};
			};
			buildConfigurationList = BC2C64332ED160C900EC4E0B /* Build configuration list for PBXProject "BezierKit" */;
			developmentRegion = en;
			hasScannedForEncodings = 0;
			knownRegions = (
				en,
				Base,
			);
			mainGroup = BC2C642F2ED160C900EC4E0B;
			minimizedProjectReferenceProxies = 1;
			preferredProjectObjectVersion = 77;
			productRefGroup = BC2C64392ED160C900EC4E0B /* Products */;
			projectDirPath = "";
			projectRoot = "";
			targets = (
				BC2C64372ED160C900EC4E0B /* Wrapper Application */,
				BC2C64422ED160C900EC4E0B /* XPC Service */,
			);
		};
/* End PBXProject section */

/* Begin PBXResourcesBuildPhase section */
		BC2C64362ED160C900EC4E0B /* Resources */ = {
			isa = PBXResourcesBuildPhase;
			buildActionMask = 2147483647;
			files = (
			);
			runOnlyForDeploymentPostprocessing = 0;
		};
		BC2C643F2ED160C900EC4E0B /* Resources */ = {
			isa = PBXResourcesBuildPhase;
			buildActionMask = 2147483647;
			files = (
			);
			runOnlyForDeploymentPostprocessing = 0;
		};
/* End PBXResourcesBuildPhase section */

/* Begin PBXShellScriptBuildPhase section */
		BC2C64402ED160C900EC4E0B /* Copy and Code Sign FxPlug.framework */ = {
			isa = PBXShellScriptBuildPhase;
			buildActionMask = 2147483647;
			files = (
			);
			inputFileListPaths = (
			);
			inputPaths = (
			);
			name = "Copy and Code Sign FxPlug.framework";
			outputFileListPaths = (
			);
			outputPaths = (
			);
			runOnlyForDeploymentPostprocessing = 0;
			shellPath = /bin/sh;
			shellScript = "mkdir -p \"${TARGET_BUILD_DIR}/${FRAMEWORKS_FOLDER_PATH}\"\nrsync --archive --links --whole-file --no-owner --no-group --checksum --exclude='Headers' \"/Library/Developer/Frameworks/FxPlug.framework/\" \"${TARGET_BUILD_DIR}/${FRAMEWORKS_FOLDER_PATH}/FxPlug.framework/\"\nif [ \"$?\" -ne 0 ]; then echo \"error: rsync failed; couldn't embed FxPlug.framework\"; exit 1; fi\ncodesign --force --timestamp --options runtime --sign \"${CODE_SIGN_IDENTITY}\" \"${BUILT_PRODUCTS_DIR}/${FRAMEWORKS_FOLDER_PATH}/FxPlug.framework\"";
			showEnvVarsInLog = 0;
		};
		BC2C64412ED160C900EC4E0B /* Copy and Code Sign PluginManager.framework */ = {
			isa = PBXShellScriptBuildPhase;
			buildActionMask = 2147483647;
			files = (
			);
			inputFileListPaths = (
			);
			inputPaths = (
			);
			name = "Copy and Code Sign PluginManager.framework";
			outputFileListPaths = (
			);
			outputPaths = (
			);
			runOnlyForDeploymentPostprocessing = 0;
			shellPath = /bin/sh;
			shellScript = "mkdir -p \"${TARGET_BUILD_DIR}/${FRAMEWORKS_FOLDER_PATH}\"\nrsync --archive --links --whole-file --no-owner --no-group --checksum --exclude='Headers' \"/Library/Developer/Frameworks/PluginManager.framework/\" \"${TARGET_BUILD_DIR}/${FRAMEWORKS_FOLDER_PATH}/PluginManager.framework/\"\nif [ \"$?\" -ne 0 ]; then echo \"error: rsync failed; couldn't embed PluginManager.framework\"; exit 1; fi\ncodesign --force --timestamp --options runtime --sign \"${CODE_SIGN_IDENTITY}\" \"${BUILT_PRODUCTS_DIR}/${FRAMEWORKS_FOLDER_PATH}/PluginManager.framework\"\n";
			showEnvVarsInLog = 0;
		};
/* End PBXShellScriptBuildPhase section */

/* Begin PBXSourcesBuildPhase section */
		BC2C64342ED160C900EC4E0B /* Sources */ = {
			isa = PBXSourcesBuildPhase;
			buildActionMask = 2147483647;
			files = (
			);
			runOnlyForDeploymentPostprocessing = 0;
		};
		BC2C643D2ED160C900EC4E0B /* Sources */ = {
			isa = PBXSourcesBuildPhase;
			buildActionMask = 2147483647;
			files = (
			);
			runOnlyForDeploymentPostprocessing = 0;
		};
/* End PBXSourcesBuildPhase section */

/* Begin PBXTargetDependency section */
		BC2C64462ED160C900EC4E0B /* PBXTargetDependency */ = {
			isa = PBXTargetDependency;
			target = BC2C64422ED160C900EC4E0B /* XPC Service */;
			targetProxy = BC2C64452ED160C900EC4E0B /* PBXContainerItemProxy */;
		};
		BC2C64522ED160C900EC4E0B /* PBXTargetDependency */ = {
			isa = PBXTargetDependency;
			target = BC2C64422ED160C900EC4E0B /* XPC Service */;
			targetProxy = BC2C64512ED160C900EC4E0B /* PBXContainerItemProxy */;
		};
/* End PBXTargetDependency section */

/* Begin XCBuildConfiguration section */
		BC2C647A2ED160C900EC4E0B /* Debug */ = {
			isa = XCBuildConfiguration;
			buildSettings = {
				CODE_SIGN_STYLE = Automatic;
				ENABLE_USER_SCRIPT_SANDBOXING = NO;
				GCC_PRECOMPILE_PREFIX_HEADER = YES;
				INFOPLIST_FILE = BezierKit/Plugin/Info.plist;
				LD_RUNPATH_SEARCH_PATHS = (
					"$(inherited)",
					"@loader_path/../Frameworks",
				);
				MACH_O_TYPE = mh_execute;
				PRODUCT_BUNDLE_IDENTIFIER = "$(PRODUCT_NAME:rfc1034identifier)";
				PRODUCT_NAME = "BezierKit $(TARGET_NAME)";
				SWIFT_OBJC_BRIDGING_HEADER = "BezierKit/Plugin/XPC Service-Bridging-Header.h";
				WRAPPER_EXTENSION = pluginkit;
			};
			name = Debug;
		};
		BC2C647B2ED160C900EC4E0B /* Release */ = {
			isa = XCBuildConfiguration;
			buildSettings = {
				CODE_SIGN_STYLE = Automatic;
				ENABLE_USER_SCRIPT_SANDBOXING = NO;
				GCC_PRECOMPILE_PREFIX_HEADER = YES;
				INFOPLIST_FILE = BezierKit/Plugin/Info.plist;
				LD_RUNPATH_SEARCH_PATHS = (
					"$(inherited)",
					"@loader_path/../Frameworks",
				);
				MACH_O_TYPE = mh_execute;
				PRODUCT_BUNDLE_IDENTIFIER = "$(PRODUCT_NAME:rfc1034identifier)";
				PRODUCT_NAME = "BezierKit $(TARGET_NAME)";
				SWIFT_OBJC_BRIDGING_HEADER = "BezierKit/Plugin/XPC Service-Bridging-Header.h";
				WRAPPER_EXTENSION = pluginkit;
			};
			name = Release;
		};
		BC2C647E2ED160C900EC4E0B /* Debug */ = {
			isa = XCBuildConfiguration;
			buildSettings = {
				CODE_SIGN_ENTITLEMENTS = "BezierKit/Wrapper Application/SandboxEntitlements.entitlements";
				CODE_SIGN_STYLE = Automatic;
				ENABLE_HARDENED_RUNTIME = NO;
				GCC_PRECOMPILE_PREFIX_HEADER = YES;
				INFOPLIST_FILE = "BezierKit/Wrapper Application/Info.plist";
				PRODUCT_BUNDLE_IDENTIFIER = "$(PRODUCT_NAME:rfc1034identifier)";
				PRODUCT_NAME = BezierKit;
				SWIFT_OBJC_BRIDGING_HEADER = "BezierKit/Wrapper Application/Wrapper Application-Bridging-Header.h";
			};
			name = Debug;
		};
		BC2C647F2ED160C900EC4E0B /* Release */ = {
			isa = XCBuildConfiguration;
			buildSettings = {
				CODE_SIGN_ENTITLEMENTS = "BezierKit/Wrapper Application/SandboxEntitlements.entitlements";
				CODE_SIGN_STYLE = Automatic;
				ENABLE_HARDENED_RUNTIME = NO;
				GCC_PRECOMPILE_PREFIX_HEADER = YES;
				INFOPLIST_FILE = "BezierKit/Wrapper Application/Info.plist";
				PRODUCT_BUNDLE_IDENTIFIER = "$(PRODUCT_NAME:rfc1034identifier)";
				PRODUCT_NAME = BezierKit;
				SWIFT_OBJC_BRIDGING_HEADER = "BezierKit/Wrapper Application/Wrapper Application-Bridging-Header.h";
			};
			name = Release;
		};
		BC2C64812ED160C900EC4E0B /* Debug */ = {
			isa = XCBuildConfiguration;
			buildSettings = {
				ADDITIONAL_SDKS = /Library/Developer/SDKs/FxPlug.sdk;
				ALWAYS_SEARCH_USER_PATHS = NO;
				ASSETCATALOG_COMPILER_GENERATE_SWIFT_ASSET_SYMBOL_EXTENSIONS = YES;
				CLANG_ANALYZER_NONNULL = YES;
				CLANG_ANALYZER_NUMBER_OBJECT_CONVERSION = YES_AGGRESSIVE;
				CLANG_CXX_LANGUAGE_STANDARD = "gnu++20";
				CLANG_ENABLE_MODULES = YES;
				CLANG_ENABLE_OBJC_ARC = NO;
				CLANG_ENABLE_OBJC_WEAK = YES;
				CLANG_WARN_BLOCK_CAPTURE_AUTORELEASING = YES;
				CLANG_WARN_BOOL_CONVERSION = YES;
				CLANG_WARN_COMMA = YES;
				CLANG_WARN_CONSTANT_CONVERSION = YES;
				CLANG_WARN_DEPRECATED_OBJC_IMPLEMENTATIONS = YES;
				CLANG_WARN_DIRECT_OBJC_ISA_USAGE = YES_ERROR;
				CLANG_WARN_DOCUMENTATION_COMMENTS = YES;
				CLANG_WARN_EMPTY_BODY = YES;
				CLANG_WARN_ENUM_CONVERSION = YES;
				CLANG_WARN_INFINITE_RECURSION = YES;
				CLANG_WARN_INT_CONVERSION = YES;
				CLANG_WARN_NON_LITERAL_NULL_CONVERSION = YES;
				CLANG_WARN_OBJC_IMPLICIT_RETAIN_SELF = YES;
				CLANG_WARN_OBJC_LITERAL_CONVERSION = YES;
				CLANG_WARN_OBJC_ROOT_CLASS = YES_ERROR;
				CLANG_WARN_QUOTED_INCLUDE_IN_FRAMEWORK_HEADER = YES;
				CLANG_WARN_RANGE_LOOP_ANALYSIS = YES;
				CLANG_WARN_STRICT_PROTOTYPES = YES;
				CLANG_WARN_SUSPICIOUS_MOVE = YES;
				CLANG_WARN_UNGUARDED_AVAILABILITY = YES_AGGRESSIVE;
				CLANG_WARN_UNREACHABLE_CODE = YES;
				CLANG_WARN__DUPLICATE_METHOD_MATCH = YES;
				COPY_PHASE_STRIP = NO;
				DEBUG_INFORMATION_FORMAT = dwarf;
				ENABLE_STRICT_OBJC_MSGSEND = YES;
				ENABLE_TESTABILITY = YES;
				ENABLE_USER_SCRIPT_SANDBOXING = YES;
				FRAMEWORK_SEARCH_PATHS = (
					/Library/Frameworks,
					"$(inherited)",
				);
				GCC_C_LANGUAGE_STANDARD = gnu17;
				GCC_DYNAMIC_NO_PIC = NO;
				GCC_ENABLE_OBJC_EXCEPTIONS = YES;
				GCC_NO_COMMON_BLOCKS = YES;
				GCC_OPTIMIZATION_LEVEL = 0;
				GCC_PREPROCESSOR_DEFINITIONS = (
					"DEBUG=1",
					"$(inherited)",
				);
				GCC_WARN_64_TO_32_BIT_CONVERSION = YES;
				GCC_WARN_ABOUT_RETURN_TYPE = YES_ERROR;
				GCC_WARN_UNDECLARED_SELECTOR = YES;
				GCC_WARN_UNINITIALIZED_AUTOS = YES_AGGRESSIVE;
				GCC_WARN_UNUSED_FUNCTION = YES;
				GCC_WARN_UNUSED_VARIABLE = YES;
				LOCALIZATION_PREFERS_STRING_CATALOGS = YES;
				MACOSX_DEPLOYMENT_TARGET = 26.1;
				MTL_ENABLE_DEBUG_INFO = INCLUDE_SOURCE;
				MTL_FAST_MATH = YES;
				ONLY_ACTIVE_ARCH = YES;
				SDKROOT = macosx;
				SWIFT_VERSION = 5;
			};
			name = Debug;
		};
		BC2C64822ED160C900EC4E0B /* Release */ = {
			isa = XCBuildConfiguration;
			buildSettings = {
				ADDITIONAL_SDKS = /Library/Developer/SDKs/FxPlug.sdk;
				ALWAYS_SEARCH_USER_PATHS = NO;
				ASSETCATALOG_COMPILER_GENERATE_SWIFT_ASSET_SYMBOL_EXTENSIONS = YES;
				CLANG_ANALYZER_NONNULL = YES;
				CLANG_ANALYZER_NUMBER_OBJECT_CONVERSION = YES_AGGRESSIVE;
				CLANG_CXX_LANGUAGE_STANDARD = "gnu++20";
				CLANG_ENABLE_MODULES = YES;
				CLANG_ENABLE_OBJC_ARC = NO;
				CLANG_ENABLE_OBJC_WEAK = YES;
				CLANG_WARN_BLOCK_CAPTURE_AUTORELEASING = YES;
				CLANG_WARN_BOOL_CONVERSION = YES;
				CLANG_WARN_COMMA = YES;
				CLANG_WARN_CONSTANT_CONVERSION = YES;
				CLANG_WARN_DEPRECATED_OBJC_IMPLEMENTATIONS = YES;
				CLANG_WARN_DIRECT_OBJC_ISA_USAGE = YES_ERROR;
				CLANG_WARN_DOCUMENTATION_COMMENTS = YES;
				CLANG_WARN_EMPTY_BODY = YES;
				CLANG_WARN_ENUM_CONVERSION = YES;
				CLANG_WARN_INFINITE_RECURSION = YES;
				CLANG_WARN_INT_CONVERSION = YES;
				CLANG_WARN_NON_LITERAL_NULL_CONVERSION = YES;
				CLANG_WARN_OBJC_IMPLICIT_RETAIN_SELF = YES;
				CLANG_WARN_OBJC_LITERAL_CONVERSION = YES;
				CLANG_WARN_OBJC_ROOT_CLASS = YES_ERROR;
				CLANG_WARN_QUOTED_INCLUDE_IN_FRAMEWORK_HEADER = YES;
				CLANG_WARN_RANGE_LOOP_ANALYSIS = YES;
				CLANG_WARN_STRICT_PROTOTYPES = YES;
				CLANG_WARN_SUSPICIOUS_MOVE = YES;
				CLANG_WARN_UNGUARDED_AVAILABILITY = YES_AGGRESSIVE;
				CLANG_WARN_UNREACHABLE_CODE = YES;
				CLANG_WARN__DUPLICATE_METHOD_MATCH = YES;
				COPY_PHASE_STRIP = NO;
				DEBUG_INFORMATION_FORMAT = "dwarf-with-dsym";
				ENABLE_NS_ASSERTIONS = NO;
				ENABLE_STRICT_OBJC_MSGSEND = YES;
				ENABLE_USER_SCRIPT_SANDBOXING = YES;
				FRAMEWORK_SEARCH_PATHS = (
					/Library/Frameworks,
					"$(inherited)",
				);
				GCC_C_LANGUAGE_STANDARD = gnu17;
				GCC_ENABLE_OBJC_EXCEPTIONS = YES;
				GCC_NO_COMMON_BLOCKS = YES;
				GCC_WARN_64_TO_32_BIT_CONVERSION = YES;
				GCC_WARN_ABOUT_RETURN_TYPE = YES_ERROR;
				GCC_WARN_UNDECLARED_SELECTOR = YES;
				GCC_WARN_UNINITIALIZED_AUTOS = YES_AGGRESSIVE;
				GCC_WARN_UNUSED_FUNCTION = YES;
				GCC_WARN_UNUSED_VARIABLE = YES;
				LOCALIZATION_PREFERS_STRING_CATALOGS = YES;
				MACOSX_DEPLOYMENT_TARGET = 26.1;
				MTL_ENABLE_DEBUG_INFO = NO;
				MTL_FAST_MATH = YES;
				SDKROOT = macosx;
				SWIFT_VERSION = 5;
			};
			name = Release;
		};
/* End XCBuildConfiguration section */

/* Begin XCConfigurationList section */
		BC2C64332ED160C900EC4E0B /* Build configuration list for PBXProject "BezierKit" */ = {
			isa = XCConfigurationList;
			buildConfigurations = (
				BC2C64812ED160C900EC4E0B /* Debug */,
				BC2C64822ED160C900EC4E0B /* Release */,
			);
			defaultConfigurationIsVisible = 0;
			defaultConfigurationName = Release;
		};
		BC2C64792ED160C900EC4E0B /* Build configuration list for PBXNativeTarget "XPC Service" */ = {
			isa = XCConfigurationList;
			buildConfigurations = (
				BC2C647A2ED160C900EC4E0B /* Debug */,
				BC2C647B2ED160C900EC4E0B /* Release */,
			);
			defaultConfigurationIsVisible = 0;
			defaultConfigurationName = Release;
		};
		BC2C647D2ED160C900EC4E0B /* Build configuration list for PBXNativeTarget "Wrapper Application" */ = {
			isa = XCConfigurationList;
			buildConfigurations = (
				BC2C647E2ED160C900EC4E0B /* Debug */,
				BC2C647F2ED160C900EC4E0B /* Release */,
			);
			defaultConfigurationIsVisible = 0;
			defaultConfigurationName = Release;
		};
/* End XCConfigurationList section */
	};
	rootObject = BC2C64302ED160C900EC4E0B /* Project object */;
}
